
Microsoft Visual Studio Solution File, Format Version 12.00
# Visual Studio 2013
VisualStudioVersion = 12.0.30501.0
MinimumVisualStudioVersion = 10.0.40219.1
Project("{2150E333-8FDC-42A3-9474-1A3956D46DE8}") = "Generics", "Generics", "{538C3394-EA17-43FF-9A42-1307B5B6B8A6}"
EndProject
Project("{2150E333-8FDC-42A3-9474-1A3956D46DE8}") = "Constraints", "Constraints", "{F352106C-844B-4D59-8E67-2CF6FE9D77A5}"
EndProject
Project("{FAE04EC0-301F-11D3-BF4B-00C04F79EFBC}") = "Scenario", "Generics\Scenario\Scenario.csproj", "{97B588AE-E664-470F-A188-18B94D13C2D7}"
EndProject
Project("{FAE04EC0-301F-11D3-BF4B-00C04F79EFBC}") = "Scenario1", "Generics\Constraints\Scenario1\Scenario1.csproj", "{78FD2065-1407-4214-9156-835D8DC65299}"
EndProject
Project("{FAE04EC0-301F-11D3-BF4B-00C04F79EFBC}") = "Scenario2", "Generics\Constraints\Scenario2\Scenario2.csproj", "{EBCB5922-1570-414C-AA1A-577B304C6DEF}"
EndProject
Project("{FAE04EC0-301F-11D3-BF4B-00C04F79EFBC}") = "Scenario3", "Generics\Constraints\Scenario3\Scenario3.csproj", "{0794F7DF-C728-4962-A584-7702DD475BD8}"
EndProject
Project("{2150E333-8FDC-42A3-9474-1A3956D46DE8}") = "Variance", "Variance", "{F1A4930E-A21D-4C24-AC15-AAFB7E19BB29}"
EndProject
Project("{FAE04EC0-301F-11D3-BF4B-00C04F79EFBC}") = "Scenario1", "Generics\Variance\Scenario1\Scenario1.csproj", "{6B87A156-4161-41C8-8D44-C229EAD0E6FE}"
EndProject
Project("{FAE04EC0-301F-11D3-BF4B-00C04F79EFBC}") = "Scenario2", "Generics\Variance\Scenario2\Scenario2.csproj", "{2D3B5BA0-2DD6-424A-8AC1-502107356320}"
EndProject
Project("{FAE04EC0-301F-11D3-BF4B-00C04F79EFBC}") = "Scenario3", "Generics\Variance\Scenario3\Scenario3.csproj", "{7BA335D6-EB1A-4346-B445-AB4095EF5AE0}"
EndProject
Project("{2150E333-8FDC-42A3-9474-1A3956D46DE8}") = "Operators", "Operators", "{A9FEF603-D193-4B60-998A-86633838B3C7}"
EndProject
Project("{2150E333-8FDC-42A3-9474-1A3956D46DE8}") = "CheckedAndUnchecked", "CheckedAndUnchecked", "{D89CF5AB-F690-4E61-AE60-023BB29A35E3}"
EndProject
Project("{FAE04EC0-301F-11D3-BF4B-00C04F79EFBC}") = "Scenario1", "Operators\CheckedAndUnchecked\Scenario1\Scenario1.csproj", "{4679322C-0418-4507-ACC4-317E80154110}"
EndProject
Global
	GlobalSection(SolutionConfigurationPlatforms) = preSolution
		Debug|Any CPU = Debug|Any CPU
		Release|Any CPU = Release|Any CPU
	EndGlobalSection
	GlobalSection(ProjectConfigurationPlatforms) = postSolution
		{97B588AE-E664-470F-A188-18B94D13C2D7}.Debug|Any CPU.ActiveCfg = Debug|Any CPU
		{97B588AE-E664-470F-A188-18B94D13C2D7}.Debug|Any CPU.Build.0 = Debug|Any CPU
		{97B588AE-E664-470F-A188-18B94D13C2D7}.Release|Any CPU.ActiveCfg = Release|Any CPU
		{97B588AE-E664-470F-A188-18B94D13C2D7}.Release|Any CPU.Build.0 = Release|Any CPU
		{78FD2065-1407-4214-9156-835D8DC65299}.Debug|Any CPU.ActiveCfg = Debug|Any CPU
		{78FD2065-1407-4214-9156-835D8DC65299}.Debug|Any CPU.Build.0 = Debug|Any CPU
		{78FD2065-1407-4214-9156-835D8DC65299}.Release|Any CPU.ActiveCfg = Release|Any CPU
		{78FD2065-1407-4214-9156-835D8DC65299}.Release|Any CPU.Build.0 = Release|Any CPU
		{EBCB5922-1570-414C-AA1A-577B304C6DEF}.Debug|Any CPU.ActiveCfg = Debug|Any CPU
		{EBCB5922-1570-414C-AA1A-577B304C6DEF}.Debug|Any CPU.Build.0 = Debug|Any CPU
		{EBCB5922-1570-414C-AA1A-577B304C6DEF}.Release|Any CPU.ActiveCfg = Release|Any CPU
		{EBCB5922-1570-414C-AA1A-577B304C6DEF}.Release|Any CPU.Build.0 = Release|Any CPU
		{0794F7DF-C728-4962-A584-7702DD475BD8}.Debug|Any CPU.ActiveCfg = Debug|Any CPU
		{0794F7DF-C728-4962-A584-7702DD475BD8}.Debug|Any CPU.Build.0 = Debug|Any CPU
		{0794F7DF-C728-4962-A584-7702DD475BD8}.Release|Any CPU.ActiveCfg = Release|Any CPU
		{0794F7DF-C728-4962-A584-7702DD475BD8}.Release|Any CPU.Build.0 = Release|Any CPU
		{6B87A156-4161-41C8-8D44-C229EAD0E6FE}.Debug|Any CPU.ActiveCfg = Debug|Any CPU
		{6B87A156-4161-41C8-8D44-C229EAD0E6FE}.Debug|Any CPU.Build.0 = Debug|Any CPU
		{6B87A156-4161-41C8-8D44-C229EAD0E6FE}.Release|Any CPU.ActiveCfg = Release|Any CPU
		{6B87A156-4161-41C8-8D44-C229EAD0E6FE}.Release|Any CPU.Build.0 = Release|Any CPU
		{2D3B5BA0-2DD6-424A-8AC1-502107356320}.Debug|Any CPU.ActiveCfg = Debug|Any CPU
		{2D3B5BA0-2DD6-424A-8AC1-502107356320}.Debug|Any CPU.Build.0 = Debug|Any CPU
		{2D3B5BA0-2DD6-424A-8AC1-502107356320}.Release|Any CPU.ActiveCfg = Release|Any CPU
		{2D3B5BA0-2DD6-424A-8AC1-502107356320}.Release|Any CPU.Build.0 = Release|Any CPU
		{7BA335D6-EB1A-4346-B445-AB4095EF5AE0}.Debug|Any CPU.ActiveCfg = Debug|Any CPU
		{7BA335D6-EB1A-4346-B445-AB4095EF5AE0}.Debug|Any CPU.Build.0 = Debug|Any CPU
		{7BA335D6-EB1A-4346-B445-AB4095EF5AE0}.Release|Any CPU.ActiveCfg = Release|Any CPU
		{7BA335D6-EB1A-4346-B445-AB4095EF5AE0}.Release|Any CPU.Build.0 = Release|Any CPU
		{4679322C-0418-4507-ACC4-317E80154110}.Debug|Any CPU.ActiveCfg = Debug|Any CPU
		{4679322C-0418-4507-ACC4-317E80154110}.Debug|Any CPU.Build.0 = Debug|Any CPU
		{4679322C-0418-4507-ACC4-317E80154110}.Release|Any CPU.ActiveCfg = Release|Any CPU
		{4679322C-0418-4507-ACC4-317E80154110}.Release|Any CPU.Build.0 = Release|Any CPU
	EndGlobalSection
	GlobalSection(SolutionProperties) = preSolution
		HideSolutionNode = FALSE
	EndGlobalSection
	GlobalSection(NestedProjects) = preSolution
		{F352106C-844B-4D59-8E67-2CF6FE9D77A5} = {538C3394-EA17-43FF-9A42-1307B5B6B8A6}
		{97B588AE-E664-470F-A188-18B94D13C2D7} = {538C3394-EA17-43FF-9A42-1307B5B6B8A6}
		{78FD2065-1407-4214-9156-835D8DC65299} = {F352106C-844B-4D59-8E67-2CF6FE9D77A5}
		{EBCB5922-1570-414C-AA1A-577B304C6DEF} = {F352106C-844B-4D59-8E67-2CF6FE9D77A5}
		{0794F7DF-C728-4962-A584-7702DD475BD8} = {F352106C-844B-4D59-8E67-2CF6FE9D77A5}
		{F1A4930E-A21D-4C24-AC15-AAFB7E19BB29} = {538C3394-EA17-43FF-9A42-1307B5B6B8A6}
		{6B87A156-4161-41C8-8D44-C229EAD0E6FE} = {F1A4930E-A21D-4C24-AC15-AAFB7E19BB29}
		{2D3B5BA0-2DD6-424A-8AC1-502107356320} = {F1A4930E-A21D-4C24-AC15-AAFB7E19BB29}
		{7BA335D6-EB1A-4346-B445-AB4095EF5AE0} = {F1A4930E-A21D-4C24-AC15-AAFB7E19BB29}
		{D89CF5AB-F690-4E61-AE60-023BB29A35E3} = {A9FEF603-D193-4B60-998A-86633838B3C7}
		{4679322C-0418-4507-ACC4-317E80154110} = {D89CF5AB-F690-4E61-AE60-023BB29A35E3}
	EndGlobalSection
EndGlobal
