
Microsoft Visual Studio Solution File, Format Version 12.00
# Visual Studio 2013
VisualStudioVersion = 12.0.30501.0
MinimumVisualStudioVersion = 10.0.40219.1
Project("{2150E333-8FDC-42A3-9474-1A3956D46DE8}") = "Generics", "Generics", "{538C3394-EA17-43FF-9A42-1307B5B6B8A6}"
EndProject
Project("{2150E333-8FDC-42A3-9474-1A3956D46DE8}") = "Constraints", "Constraints", "{F352106C-844B-4D59-8E67-2CF6FE9D77A5}"
EndProject
Project("{FAE04EC0-301F-11D3-BF4B-00C04F79EFBC}") = "Scenario", "Generics\Scenario\Scenario.csproj", "{97B588AE-E664-470F-A188-18B94D13C2D7}"
EndProject
Project("{FAE04EC0-301F-11D3-BF4B-00C04F79EFBC}") = "Scenario1", "Generics\Constraints\Scenario1\Scenario1.csproj", "{78FD2065-1407-4214-9156-835D8DC65299}"
EndProject
Project("{FAE04EC0-301F-11D3-BF4B-00C04F79EFBC}") = "Scenario2", "Generics\Constraints\Scenario2\Scenario2.csproj", "{EBCB5922-1570-414C-AA1A-577B304C6DEF}"
EndProject
Project("{FAE04EC0-301F-11D3-BF4B-00C04F79EFBC}") = "Scenario3", "Generics\Constraints\Scenario3\Scenario3.csproj", "{0794F7DF-C728-4962-A584-7702DD475BD8}"
EndProject
Project("{2150E333-8FDC-42A3-9474-1A3956D46DE8}") = "Variance", "Variance", "{F1A4930E-A21D-4C24-AC15-AAFB7E19BB29}"
EndProject
Project("{FAE04EC0-301F-11D3-BF4B-00C04F79EFBC}") = "Scenario1", "Generics\Variance\Scenario1\Scenario1.csproj", "{6B87A156-4161-41C8-8D44-C229EAD0E6FE}"
EndProject
Project("{FAE04EC0-301F-11D3-BF4B-00C04F79EFBC}") = "Scenario2", "Generics\Variance\Scenario2\Scenario2.csproj", "{2D3B5BA0-2DD6-424A-8AC1-502107356320}"
EndProject
Project("{FAE04EC0-301F-11D3-BF4B-00C04F79EFBC}") = "Scenario3", "Generics\Variance\Scenario3\Scenario3.csproj", "{7BA335D6-EB1A-4346-B445-AB4095EF5AE0}"
EndProject
Project("{2150E333-8FDC-42A3-9474-1A3956D46DE8}") = "Operators", "Operators", "{A9FEF603-D193-4B60-998A-86633838B3C7}"
EndProject
Project("{2150E333-8FDC-42A3-9474-1A3956D46DE8}") = "CheckedAndUnchecked", "CheckedAndUnchecked", "{D89CF5AB-F690-4E61-AE60-023BB29A35E3}"
EndProject
Project("{FAE04EC0-301F-11D3-BF4B-00C04F79EFBC}") = "Scenario1", "Operators\CheckedAndUnchecked\Scenario1\Scenario1.csproj", "{4679322C-0418-4507-ACC4-317E80154110}"
EndProject
Project("{2150E333-8FDC-42A3-9474-1A3956D46DE8}") = "Arrays and Collections", "Arrays and Collections", "{536068AC-756D-4B11-90B8-DE35BBD36308}"
EndProject
Project("{2150E333-8FDC-42A3-9474-1A3956D46DE8}") = "Arrays", "Arrays", "{7E9F6A21-4AD5-4882-82AE-BC41C099CEB4}"
EndProject
Project("{FAE04EC0-301F-11D3-BF4B-00C04F79EFBC}") = "Scenario1", "Arrays and Collections\Arrays\Scenario1\Scenario1.csproj", "{FBCDE3D2-AB5B-4521-AC6B-80DD47F7511E}"
EndProject
Project("{FAE04EC0-301F-11D3-BF4B-00C04F79EFBC}") = "Scenario2", "Arrays and Collections\Arrays\Scenario2\Scenario2.csproj", "{BB15DDB9-5DEE-4800-8275-472F71A39A9E}"
EndProject
Project("{2150E333-8FDC-42A3-9474-1A3956D46DE8}") = "Arrays Usage", "Arrays Usage", "{0F7D331F-0005-4B42-9062-5B0498EFC2CC}"
EndProject
Project("{FAE04EC0-301F-11D3-BF4B-00C04F79EFBC}") = "Scenario1", "Arrays and Collections\Arrays\Arrays Usage\Scenario1\Scenario1.csproj", "{CC144441-BD7E-4A25-AE42-5179FADE1724}"
EndProject
Project("{FAE04EC0-301F-11D3-BF4B-00C04F79EFBC}") = "Scenario1.1", "Arrays and Collections\Arrays\Arrays Usage\Scenario1.1\Scenario1.1.csproj", "{E07A0EA1-5AE6-4277-BDEF-31E1F6D64569}"
EndProject
Project("{FAE04EC0-301F-11D3-BF4B-00C04F79EFBC}") = "Scenario1.2", "Arrays and Collections\Arrays\Arrays Usage\Scenario1.2\Scenario1.2.csproj", "{BD669043-E0A2-4C81-9A4E-235B30AC851A}"
EndProject
Project("{FAE04EC0-301F-11D3-BF4B-00C04F79EFBC}") = "Scenario1.3", "Arrays and Collections\Arrays\Arrays Usage\Scenario1.3\Scenario1.3\Scenario1.3.csproj", "{1C9397E8-B58D-404E-A5CB-72E5057D4CD4}"
EndProject
Global
	GlobalSection(SolutionConfigurationPlatforms) = preSolution
		Debug|Any CPU = Debug|Any CPU
		Release|Any CPU = Release|Any CPU
	EndGlobalSection
	GlobalSection(ProjectConfigurationPlatforms) = postSolution
		{97B588AE-E664-470F-A188-18B94D13C2D7}.Debug|Any CPU.ActiveCfg = Debug|Any CPU
		{97B588AE-E664-470F-A188-18B94D13C2D7}.Debug|Any CPU.Build.0 = Debug|Any CPU
		{97B588AE-E664-470F-A188-18B94D13C2D7}.Release|Any CPU.ActiveCfg = Release|Any CPU
		{97B588AE-E664-470F-A188-18B94D13C2D7}.Release|Any CPU.Build.0 = Release|Any CPU
		{78FD2065-1407-4214-9156-835D8DC65299}.Debug|Any CPU.ActiveCfg = Debug|Any CPU
		{78FD2065-1407-4214-9156-835D8DC65299}.Debug|Any CPU.Build.0 = Debug|Any CPU
		{78FD2065-1407-4214-9156-835D8DC65299}.Release|Any CPU.ActiveCfg = Release|Any CPU
		{78FD2065-1407-4214-9156-835D8DC65299}.Release|Any CPU.Build.0 = Release|Any CPU
		{EBCB5922-1570-414C-AA1A-577B304C6DEF}.Debug|Any CPU.ActiveCfg = Debug|Any CPU
		{EBCB5922-1570-414C-AA1A-577B304C6DEF}.Debug|Any CPU.Build.0 = Debug|Any CPU
		{EBCB5922-1570-414C-AA1A-577B304C6DEF}.Release|Any CPU.ActiveCfg = Release|Any CPU
		{EBCB5922-1570-414C-AA1A-577B304C6DEF}.Release|Any CPU.Build.0 = Release|Any CPU
		{0794F7DF-C728-4962-A584-7702DD475BD8}.Debug|Any CPU.ActiveCfg = Debug|Any CPU
		{0794F7DF-C728-4962-A584-7702DD475BD8}.Debug|Any CPU.Build.0 = Debug|Any CPU
		{0794F7DF-C728-4962-A584-7702DD475BD8}.Release|Any CPU.ActiveCfg = Release|Any CPU
		{0794F7DF-C728-4962-A584-7702DD475BD8}.Release|Any CPU.Build.0 = Release|Any CPU
		{6B87A156-4161-41C8-8D44-C229EAD0E6FE}.Debug|Any CPU.ActiveCfg = Debug|Any CPU
		{6B87A156-4161-41C8-8D44-C229EAD0E6FE}.Debug|Any CPU.Build.0 = Debug|Any CPU
		{6B87A156-4161-41C8-8D44-C229EAD0E6FE}.Release|Any CPU.ActiveCfg = Release|Any CPU
		{6B87A156-4161-41C8-8D44-C229EAD0E6FE}.Release|Any CPU.Build.0 = Release|Any CPU
		{2D3B5BA0-2DD6-424A-8AC1-502107356320}.Debug|Any CPU.ActiveCfg = Debug|Any CPU
		{2D3B5BA0-2DD6-424A-8AC1-502107356320}.Debug|Any CPU.Build.0 = Debug|Any CPU
		{2D3B5BA0-2DD6-424A-8AC1-502107356320}.Release|Any CPU.ActiveCfg = Release|Any CPU
		{2D3B5BA0-2DD6-424A-8AC1-502107356320}.Release|Any CPU.Build.0 = Release|Any CPU
		{7BA335D6-EB1A-4346-B445-AB4095EF5AE0}.Debug|Any CPU.ActiveCfg = Debug|Any CPU
		{7BA335D6-EB1A-4346-B445-AB4095EF5AE0}.Debug|Any CPU.Build.0 = Debug|Any CPU
		{7BA335D6-EB1A-4346-B445-AB4095EF5AE0}.Release|Any CPU.ActiveCfg = Release|Any CPU
		{7BA335D6-EB1A-4346-B445-AB4095EF5AE0}.Release|Any CPU.Build.0 = Release|Any CPU
		{4679322C-0418-4507-ACC4-317E80154110}.Debug|Any CPU.ActiveCfg = Debug|Any CPU
		{4679322C-0418-4507-ACC4-317E80154110}.Debug|Any CPU.Build.0 = Debug|Any CPU
		{4679322C-0418-4507-ACC4-317E80154110}.Release|Any CPU.ActiveCfg = Release|Any CPU
		{4679322C-0418-4507-ACC4-317E80154110}.Release|Any CPU.Build.0 = Release|Any CPU
		{FBCDE3D2-AB5B-4521-AC6B-80DD47F7511E}.Debug|Any CPU.ActiveCfg = Debug|Any CPU
		{FBCDE3D2-AB5B-4521-AC6B-80DD47F7511E}.Debug|Any CPU.Build.0 = Debug|Any CPU
		{FBCDE3D2-AB5B-4521-AC6B-80DD47F7511E}.Release|Any CPU.ActiveCfg = Release|Any CPU
		{FBCDE3D2-AB5B-4521-AC6B-80DD47F7511E}.Release|Any CPU.Build.0 = Release|Any CPU
		{BB15DDB9-5DEE-4800-8275-472F71A39A9E}.Debug|Any CPU.ActiveCfg = Debug|Any CPU
		{BB15DDB9-5DEE-4800-8275-472F71A39A9E}.Debug|Any CPU.Build.0 = Debug|Any CPU
		{BB15DDB9-5DEE-4800-8275-472F71A39A9E}.Release|Any CPU.ActiveCfg = Release|Any CPU
		{BB15DDB9-5DEE-4800-8275-472F71A39A9E}.Release|Any CPU.Build.0 = Release|Any CPU
		{CC144441-BD7E-4A25-AE42-5179FADE1724}.Debug|Any CPU.ActiveCfg = Debug|Any CPU
		{CC144441-BD7E-4A25-AE42-5179FADE1724}.Debug|Any CPU.Build.0 = Debug|Any CPU
		{CC144441-BD7E-4A25-AE42-5179FADE1724}.Release|Any CPU.ActiveCfg = Release|Any CPU
		{CC144441-BD7E-4A25-AE42-5179FADE1724}.Release|Any CPU.Build.0 = Release|Any CPU
		{E07A0EA1-5AE6-4277-BDEF-31E1F6D64569}.Debug|Any CPU.ActiveCfg = Debug|Any CPU
		{E07A0EA1-5AE6-4277-BDEF-31E1F6D64569}.Debug|Any CPU.Build.0 = Debug|Any CPU
		{E07A0EA1-5AE6-4277-BDEF-31E1F6D64569}.Release|Any CPU.ActiveCfg = Release|Any CPU
		{E07A0EA1-5AE6-4277-BDEF-31E1F6D64569}.Release|Any CPU.Build.0 = Release|Any CPU
		{BD669043-E0A2-4C81-9A4E-235B30AC851A}.Debug|Any CPU.ActiveCfg = Debug|Any CPU
		{BD669043-E0A2-4C81-9A4E-235B30AC851A}.Debug|Any CPU.Build.0 = Debug|Any CPU
		{BD669043-E0A2-4C81-9A4E-235B30AC851A}.Release|Any CPU.ActiveCfg = Release|Any CPU
		{BD669043-E0A2-4C81-9A4E-235B30AC851A}.Release|Any CPU.Build.0 = Release|Any CPU
		{1C9397E8-B58D-404E-A5CB-72E5057D4CD4}.Debug|Any CPU.ActiveCfg = Debug|Any CPU
		{1C9397E8-B58D-404E-A5CB-72E5057D4CD4}.Debug|Any CPU.Build.0 = Debug|Any CPU
		{1C9397E8-B58D-404E-A5CB-72E5057D4CD4}.Release|Any CPU.ActiveCfg = Release|Any CPU
		{1C9397E8-B58D-404E-A5CB-72E5057D4CD4}.Release|Any CPU.Build.0 = Release|Any CPU
	EndGlobalSection
	GlobalSection(SolutionProperties) = preSolution
		HideSolutionNode = FALSE
	EndGlobalSection
	GlobalSection(NestedProjects) = preSolution
		{F352106C-844B-4D59-8E67-2CF6FE9D77A5} = {538C3394-EA17-43FF-9A42-1307B5B6B8A6}
		{97B588AE-E664-470F-A188-18B94D13C2D7} = {538C3394-EA17-43FF-9A42-1307B5B6B8A6}
		{78FD2065-1407-4214-9156-835D8DC65299} = {F352106C-844B-4D59-8E67-2CF6FE9D77A5}
		{EBCB5922-1570-414C-AA1A-577B304C6DEF} = {F352106C-844B-4D59-8E67-2CF6FE9D77A5}
		{0794F7DF-C728-4962-A584-7702DD475BD8} = {F352106C-844B-4D59-8E67-2CF6FE9D77A5}
		{F1A4930E-A21D-4C24-AC15-AAFB7E19BB29} = {538C3394-EA17-43FF-9A42-1307B5B6B8A6}
		{6B87A156-4161-41C8-8D44-C229EAD0E6FE} = {F1A4930E-A21D-4C24-AC15-AAFB7E19BB29}
		{2D3B5BA0-2DD6-424A-8AC1-502107356320} = {F1A4930E-A21D-4C24-AC15-AAFB7E19BB29}
		{7BA335D6-EB1A-4346-B445-AB4095EF5AE0} = {F1A4930E-A21D-4C24-AC15-AAFB7E19BB29}
		{D89CF5AB-F690-4E61-AE60-023BB29A35E3} = {A9FEF603-D193-4B60-998A-86633838B3C7}
		{4679322C-0418-4507-ACC4-317E80154110} = {D89CF5AB-F690-4E61-AE60-023BB29A35E3}
		{7E9F6A21-4AD5-4882-82AE-BC41C099CEB4} = {536068AC-756D-4B11-90B8-DE35BBD36308}
		{FBCDE3D2-AB5B-4521-AC6B-80DD47F7511E} = {7E9F6A21-4AD5-4882-82AE-BC41C099CEB4}
		{BB15DDB9-5DEE-4800-8275-472F71A39A9E} = {7E9F6A21-4AD5-4882-82AE-BC41C099CEB4}
		{0F7D331F-0005-4B42-9062-5B0498EFC2CC} = {7E9F6A21-4AD5-4882-82AE-BC41C099CEB4}
		{CC144441-BD7E-4A25-AE42-5179FADE1724} = {0F7D331F-0005-4B42-9062-5B0498EFC2CC}
		{E07A0EA1-5AE6-4277-BDEF-31E1F6D64569} = {0F7D331F-0005-4B42-9062-5B0498EFC2CC}
		{BD669043-E0A2-4C81-9A4E-235B30AC851A} = {0F7D331F-0005-4B42-9062-5B0498EFC2CC}
		{1C9397E8-B58D-404E-A5CB-72E5057D4CD4} = {0F7D331F-0005-4B42-9062-5B0498EFC2CC}
	EndGlobalSection
EndGlobal
